[[package]]
name = "atk-sys"
version = "0.6.0"
source = "registry+https://github.com/rust-lang/crates.io-index"
dependencies = [
 "bitflags 1.0.3 (registry+https://github.com/rust-lang/crates.io-index)",
 "glib-sys 0.6.0 (registry+https://github.com/rust-lang/crates.io-index)",
 "gobject-sys 0.6.0 (registry+https://github.com/rust-lang/crates.io-index)",
 "libc 0.2.43 (registry+https://github.com/rust-lang/crates.io-index)",
 "pkg-config 0.3.13 (registry+https://github.com/rust-lang/crates.io-index)",
]

[[package]]
name = "bitflags"
version = "1.0.3"
source = "registry+https://github.com/rust-lang/crates.io-index"

[[package]]
name = "c_vec"
version = "1.3.2"
source = "registry+https://github.com/rust-lang/crates.io-index"

[[package]]
name = "cairo-rs"
version = "0.4.1"
source = "registry+https://github.com/rust-lang/crates.io-index"
dependencies = [
 "c_vec 1.3.2 (registry+https://github.com/rust-lang/crates.io-index)",
 "cairo-sys-rs 0.6.0 (registry+https://github.com/rust-lang/crates.io-index)",
 "glib 0.5.0 (registry+https://github.com/rust-lang/crates.io-index)",
 "glib-sys 0.6.0 (registry+https://github.com/rust-lang/crates.io-index)",
 "libc 0.2.43 (registry+https://github.com/rust-lang/crates.io-index)",
]

[[package]]
name = "cairo-sys-rs"
version = "0.6.0"
source = "registry+https://github.com/rust-lang/crates.io-index"
dependencies = [
 "libc 0.2.43 (registry+https://github.com/rust-lang/crates.io-index)",
 "pkg-config 0.3.13 (registry+https://github.com/rust-lang/crates.io-index)",
 "winapi 0.3.5 (registry+https://github.com/rust-lang/crates.io-index)",
]

[[package]]
name = "cc"
version = "1.0.18"
source = "registry+https://github.com/rust-lang/crates.io-index"

[[package]]
name = "cfg-if"
version = "0.1.5"
source = "registry+https://github.com/rust-lang/crates.io-index"

[[package]]
name = "const-cstr"
version = "0.3.0"
source = "registry+https://github.com/rust-lang/crates.io-index"

[[package]]
name = "ctrlc"
version = "3.1.1"
source = "registry+https://github.com/rust-lang/crates.io-index"
dependencies = [
 "nix 0.11.0 (registry+https://github.com/rust-lang/crates.io-index)",
 "winapi 0.3.5 (registry+https://github.com/rust-lang/crates.io-index)",
]

[[package]]
name = "gdk"
version = "0.8.0"
source = "registry+https://github.com/rust-lang/crates.io-index"
dependencies = [
 "bitflags 1.0.3 (registry+https://github.com/rust-lang/crates.io-index)",
 "cairo-rs 0.4.1 (registry+https://github.com/rust-lang/crates.io-index)",
 "cairo-sys-rs 0.6.0 (registry+https://github.com/rust-lang/crates.io-index)",
 "gdk-pixbuf 0.4.0 (registry+https://github.com/rust-lang/crates.io-index)",
 "gdk-sys 0.6.0 (registry+https://github.com/rust-lang/crates.io-index)",
 "gio 0.4.1 (registry+https://github.com/rust-lang/crates.io-index)",
 "glib 0.5.0 (registry+https://github.com/rust-lang/crates.io-index)",
 "glib-sys 0.6.0 (registry+https://github.com/rust-lang/crates.io-index)",
 "gobject-sys 0.6.0 (registry+https://github.com/rust-lang/crates.io-index)",
 "libc 0.2.43 (registry+https://github.com/rust-lang/crates.io-index)",
 "pango 0.4.0 (registry+https://github.com/rust-lang/crates.io-index)",
]

[[package]]
name = "gdk-pixbuf"
version = "0.4.0"
source = "registry+https://github.com/rust-lang/crates.io-index"
dependencies = [
 "gdk-pixbuf-sys 0.6.0 (registry+https://github.com/rust-lang/crates.io-index)",
 "gio 0.4.1 (registry+https://github.com/rust-lang/crates.io-index)",
 "gio-sys 0.6.0 (registry+https://github.com/rust-lang/crates.io-index)",
 "glib 0.5.0 (registry+https://github.com/rust-lang/crates.io-index)",
 "glib-sys 0.6.0 (registry+https://github.com/rust-lang/crates.io-index)",
 "gobject-sys 0.6.0 (registry+https://github.com/rust-lang/crates.io-index)",
 "libc 0.2.43 (registry+https://github.com/rust-lang/crates.io-index)",
]

[[package]]
name = "gdk-pixbuf-sys"
version = "0.6.0"
source = "registry+https://github.com/rust-lang/crates.io-index"
dependencies = [
 "bitflags 1.0.3 (registry+https://github.com/rust-lang/crates.io-index)",
 "gio-sys 0.6.0 (registry+https://github.com/rust-lang/crates.io-index)",
 "glib-sys 0.6.0 (registry+https://github.com/rust-lang/crates.io-index)",
 "gobject-sys 0.6.0 (registry+https://github.com/rust-lang/crates.io-index)",
 "libc 0.2.43 (registry+https://github.com/rust-lang/crates.io-index)",
 "pkg-config 0.3.13 (registry+https://github.com/rust-lang/crates.io-index)",
]

[[package]]
name = "gdk-sys"
version = "0.6.0"
source = "registry+https://github.com/rust-lang/crates.io-index"
dependencies = [
 "bitflags 1.0.3 (registry+https://github.com/rust-lang/crates.io-index)",
 "cairo-sys-rs 0.6.0 (registry+https://github.com/rust-lang/crates.io-index)",
 "gdk-pixbuf-sys 0.6.0 (registry+https://github.com/rust-lang/crates.io-index)",
 "gio-sys 0.6.0 (registry+https://github.com/rust-lang/crates.io-index)",
 "glib-sys 0.6.0 (registry+https://github.com/rust-lang/crates.io-index)",
 "gobject-sys 0.6.0 (registry+https://github.com/rust-lang/crates.io-index)",
 "libc 0.2.43 (registry+https://github.com/rust-lang/crates.io-index)",
 "pango-sys 0.6.0 (registry+https://github.com/rust-lang/crates.io-index)",
 "pkg-config 0.3.13 (registry+https://github.com/rust-lang/crates.io-index)",
]

[[package]]
name = "gio"
version = "0.4.1"
source = "registry+https://github.com/rust-lang/crates.io-index"
dependencies = [
 "bitflags 1.0.3 (registry+https://github.com/rust-lang/crates.io-index)",
 "gio-sys 0.6.0 (registry+https://github.com/rust-lang/crates.io-index)",
 "glib 0.5.0 (registry+https://github.com/rust-lang/crates.io-index)",
 "glib-sys 0.6.0 (registry+https://github.com/rust-lang/crates.io-index)",
 "gobject-sys 0.6.0 (registry+https://github.com/rust-lang/crates.io-index)",
 "lazy_static 1.1.0 (registry+https://github.com/rust-lang/crates.io-index)",
 "libc 0.2.43 (registry+https://github.com/rust-lang/crates.io-index)",
]

[[package]]
name = "gio-sys"
version = "0.6.0"
source = "registry+https://github.com/rust-lang/crates.io-index"
dependencies = [
 "bitflags 1.0.3 (registry+https://github.com/rust-lang/crates.io-index)",
 "glib-sys 0.6.0 (registry+https://github.com/rust-lang/crates.io-index)",
 "gobject-sys 0.6.0 (registry+https://github.com/rust-lang/crates.io-index)",
 "libc 0.2.43 (registry+https://github.com/rust-lang/crates.io-index)",
 "pkg-config 0.3.13 (registry+https://github.com/rust-lang/crates.io-index)",
]

[[package]]
name = "glib"
version = "0.5.0"
source = "registry+https://github.com/rust-lang/crates.io-index"
dependencies = [
 "bitflags 1.0.3 (registry+https://github.com/rust-lang/crates.io-index)",
 "glib-sys 0.6.0 (registry+https://github.com/rust-lang/crates.io-index)",
 "gobject-sys 0.6.0 (registry+https://github.com/rust-lang/crates.io-index)",
 "lazy_static 1.1.0 (registry+https://github.com/rust-lang/crates.io-index)",
 "libc 0.2.43 (registry+https://github.com/rust-lang/crates.io-index)",
]

[[package]]
name = "glib-sys"
version = "0.6.0"
source = "registry+https://github.com/rust-lang/crates.io-index"
dependencies = [
 "bitflags 1.0.3 (registry+https://github.com/rust-lang/crates.io-index)",
 "libc 0.2.43 (registry+https://github.com/rust-lang/crates.io-index)",
 "pkg-config 0.3.13 (registry+https://github.com/rust-lang/crates.io-index)",
]

[[package]]
name = "gobject-sys"
version = "0.6.0"
source = "registry+https://github.com/rust-lang/crates.io-index"
dependencies = [
 "bitflags 1.0.3 (registry+https://github.com/rust-lang/crates.io-index)",
 "glib-sys 0.6.0 (registry+https://github.com/rust-lang/crates.io-index)",
 "libc 0.2.43 (registry+https://github.com/rust-lang/crates.io-index)",
 "pkg-config 0.3.13 (registry+https://github.com/rust-lang/crates.io-index)",
]

[[package]]
name = "gtk"
version = "0.4.1"
source = "registry+https://github.com/rust-lang/crates.io-index"
dependencies = [
 "bitflags 1.0.3 (registry+https://github.com/rust-lang/crates.io-index)",
 "cairo-rs 0.4.1 (registry+https://github.com/rust-lang/crates.io-index)",
 "cairo-sys-rs 0.6.0 (registry+https://github.com/rust-lang/crates.io-index)",
 "cc 1.0.18 (registry+https://github.com/rust-lang/crates.io-index)",
 "gdk 0.8.0 (registry+https://github.com/rust-lang/crates.io-index)",
 "gdk-pixbuf 0.4.0 (registry+https://github.com/rust-lang/crates.io-index)",
 "gdk-pixbuf-sys 0.6.0 (registry+https://github.com/rust-lang/crates.io-index)",
 "gdk-sys 0.6.0 (registry+https://github.com/rust-lang/crates.io-index)",
 "gio 0.4.1 (registry+https://github.com/rust-lang/crates.io-index)",
 "gio-sys 0.6.0 (registry+https://github.com/rust-lang/crates.io-index)",
 "glib 0.5.0 (registry+https://github.com/rust-lang/crates.io-index)",
 "glib-sys 0.6.0 (registry+https://github.com/rust-lang/crates.io-index)",
 "gobject-sys 0.6.0 (registry+https://github.com/rust-lang/crates.io-index)",
 "gtk-sys 0.6.0 (registry+https://github.com/rust-lang/crates.io-index)",
 "lazy_static 1.1.0 (registry+https://github.com/rust-lang/crates.io-index)",
 "libc 0.2.43 (registry+https://github.com/rust-lang/crates.io-index)",
 "pango 0.4.0 (registry+https://github.com/rust-lang/crates.io-index)",
]

[[package]]
name = "gtk-sys"
version = "0.6.0"
source = "registry+https://github.com/rust-lang/crates.io-index"
dependencies = [
 "atk-sys 0.6.0 (registry+https://github.com/rust-lang/crates.io-index)",
 "bitflags 1.0.3 (registry+https://github.com/rust-lang/crates.io-index)",
 "cairo-sys-rs 0.6.0 (registry+https://github.com/rust-lang/crates.io-index)",
 "gdk-pixbuf-sys 0.6.0 (registry+https://github.com/rust-lang/crates.io-index)",
 "gdk-sys 0.6.0 (registry+https://github.com/rust-lang/crates.io-index)",
 "gio-sys 0.6.0 (registry+https://github.com/rust-lang/crates.io-index)",
 "glib-sys 0.6.0 (registry+https://github.com/rust-lang/crates.io-index)",
 "gobject-sys 0.6.0 (registry+https://github.com/rust-lang/crates.io-index)",
 "libc 0.2.43 (registry+https://github.com/rust-lang/crates.io-index)",
 "pango-sys 0.6.0 (registry+https://github.com/rust-lang/crates.io-index)",
 "pkg-config 0.3.13 (registry+https://github.com/rust-lang/crates.io-index)",
]

[[package]]
name = "lazy-panic"
version = "0.3.2"
source = "registry+https://github.com/rust-lang/crates.io-index"

[[package]]
name = "lazy_static"
version = "1.1.0"
source = "registry+https://github.com/rust-lang/crates.io-index"
dependencies = [
 "version_check 0.1.4 (registry+https://github.com/rust-lang/crates.io-index)",
]

[[package]]
name = "libc"
version = "0.2.43"
source = "registry+https://github.com/rust-lang/crates.io-index"

[[package]]
name = "nix"
version = "0.11.0"
source = "registry+https://github.com/rust-lang/crates.io-index"
dependencies = [
 "bitflags 1.0.3 (registry+https://github.com/rust-lang/crates.io-index)",
 "cc 1.0.18 (registry+https://github.com/rust-lang/crates.io-index)",
 "cfg-if 0.1.5 (registry+https://github.com/rust-lang/crates.io-index)",
 "libc 0.2.43 (registry+https://github.com/rust-lang/crates.io-index)",
 "void 1.0.2 (registry+https://github.com/rust-lang/crates.io-index)",
]

[[package]]
name = "pango"
version = "0.4.0"
source = "registry+https://github.com/rust-lang/crates.io-index"
dependencies = [
 "bitflags 1.0.3 (registry+https://github.com/rust-lang/crates.io-index)",
 "glib 0.5.0 (registry+https://github.com/rust-lang/crates.io-index)",
 "glib-sys 0.6.0 (registry+https://github.com/rust-lang/crates.io-index)",
 "gobject-sys 0.6.0 (registry+https://github.com/rust-lang/crates.io-index)",
 "libc 0.2.43 (registry+https://github.com/rust-lang/crates.io-index)",
 "pango-sys 0.6.0 (registry+https://github.com/rust-lang/crates.io-index)",
]

[[package]]
name = "pango-sys"
version = "0.6.0"
source = "registry+https://github.com/rust-lang/crates.io-index"
dependencies = [
 "bitflags 1.0.3 (registry+https://github.com/rust-lang/crates.io-index)",
 "glib-sys 0.6.0 (registry+https://github.com/rust-lang/crates.io-index)",
 "gobject-sys 0.6.0 (registry+https://github.com/rust-lang/crates.io-index)",
 "libc 0.2.43 (registry+https://github.com/rust-lang/crates.io-index)",
 "pkg-config 0.3.13 (registry+https://github.com/rust-lang/crates.io-index)",
]

[[package]]
name = "pkg-config"
version = "0.3.13"
source = "registry+https://github.com/rust-lang/crates.io-index"

[[package]]
name = "proc-macro2"
version = "0.4.12"
source = "registry+https://github.com/rust-lang/crates.io-index"
dependencies = [
 "unicode-xid 0.1.0 (registry+https://github.com/rust-lang/crates.io-index)",
]

[[package]]
name = "quote"
version = "0.6.6"
source = "registry+https://github.com/rust-lang/crates.io-index"
dependencies = [
 "proc-macro2 0.4.12 (registry+https://github.com/rust-lang/crates.io-index)",
]

[[package]]
name = "serde"
version = "1.0.78"
source = "registry+https://github.com/rust-lang/crates.io-index"

[[package]]
name = "serde_derive"
version = "1.0.78"
source = "registry+https://github.com/rust-lang/crates.io-index"
dependencies = [
 "proc-macro2 0.4.12 (registry+https://github.com/rust-lang/crates.io-index)",
 "quote 0.6.6 (registry+https://github.com/rust-lang/crates.io-index)",
 "syn 0.15.3 (registry+https://github.com/rust-lang/crates.io-index)",
]

[[package]]
name = "static_assets"
version = "0.1.1"
source = "registry+https://github.com/rust-lang/crates.io-index"

[[package]]
name = "syn"
version = "0.15.3"
source = "registry+https://github.com/rust-lang/crates.io-index"
dependencies = [
 "proc-macro2 0.4.12 (registry+https://github.com/rust-lang/crates.io-index)",
 "quote 0.6.6 (registry+https://github.com/rust-lang/crates.io-index)",
 "unicode-xid 0.1.0 (registry+https://github.com/rust-lang/crates.io-index)",
]

[[package]]
name = "toml"
version = "0.4.6"
source = "registry+https://github.com/rust-lang/crates.io-index"
dependencies = [
 "serde 1.0.78 (registry+https://github.com/rust-lang/crates.io-index)",
]

[[package]]
name = "unicode-xid"
version = "0.1.0"
source = "registry+https://github.com/rust-lang/crates.io-index"

[[package]]
name = "version_check"
version = "0.1.4"
source = "registry+https://github.com/rust-lang/crates.io-index"

[[package]]
name = "void"
version = "1.0.2"
source = "registry+https://github.com/rust-lang/crates.io-index"

[[package]]
name = "winapi"
version = "0.3.5"
source = "registry+https://github.com/rust-lang/crates.io-index"
dependencies = [
 "winapi-i686-pc-windows-gnu 0.4.0 (registry+https://github.com/rust-lang/crates.io-index)",
 "winapi-x86_64-pc-windows-gnu 0.4.0 (registry+https://github.com/rust-lang/crates.io-index)",
]

[[package]]
name = "winapi-i686-pc-windows-gnu"
version = "0.4.0"
source = "registry+https://github.com/rust-lang/crates.io-index"

[[package]]
name = "winapi-x86_64-pc-windows-gnu"
version = "0.4.0"
source = "registry+https://github.com/rust-lang/crates.io-index"

[[package]]
name = "x11"
version = "2.18.1"
source = "registry+https://github.com/rust-lang/crates.io-index"
dependencies = [
 "libc 0.2.43 (registry+https://github.com/rust-lang/crates.io-index)",
 "pkg-config 0.3.13 (registry+https://github.com/rust-lang/crates.io-index)",
]

[[package]]
name = "x11-input-supercharger"
version = "0.3.1"
dependencies = [
 "const-cstr 0.3.0 (registry+https://github.com/rust-lang/crates.io-index)",
 "ctrlc 3.1.1 (registry+https://github.com/rust-lang/crates.io-index)",
 "gtk 0.4.1 (registry+https://github.com/rust-lang/crates.io-index)",
 "lazy-panic 0.3.2 (registry+https://github.com/rust-lang/crates.io-index)",
 "serde 1.0.78 (registry+https://github.com/rust-lang/crates.io-index)",
 "serde_derive 1.0.78 (registry+https://github.com/rust-lang/crates.io-index)",
 "static_assets 0.1.1 (registry+https://github.com/rust-lang/crates.io-index)",
 "toml 0.4.6 (registry+https://github.com/rust-lang/crates.io-index)",
 "x11 2.18.1 (registry+https://github.com/rust-lang/crates.io-index)",
]

[metadata]
"checksum atk-sys 0.6.0 (registry+https://github.com/rust-lang/crates.io-index)" = "f8dc233521f7bffd3042c31082ea71bd08820abf44bac938fb36591e20f76f39"
"checksum bitflags 1.0.3 (registry+https://github.com/rust-lang/crates.io-index)" = "d0c54bb8f454c567f21197eefcdbf5679d0bd99f2ddbe52e84c77061952e6789"
"checksum c_vec 1.3.2 (registry+https://github.com/rust-lang/crates.io-index)" = "6c32b15e95ce816aaf991a41420854e6ba772a2679a9296d906eab1114f1b4e9"
"checksum cairo-rs 0.4.1 (registry+https://github.com/rust-lang/crates.io-index)" = "a110f269c2fd382df5fe8bd46dfa5f1b83608aa717fecb6e7a28c08c202f0e13"
"checksum cairo-sys-rs 0.6.0 (registry+https://github.com/rust-lang/crates.io-index)" = "0395175ecba60accac076a02c31d143b9dcd9d5eb5316d7163a3273803b765c7"
"checksum cc 1.0.18 (registry+https://github.com/rust-lang/crates.io-index)" = "2119ea4867bd2b8ed3aecab467709720b2d55b1bcfe09f772fd68066eaf15275"
"checksum cfg-if 0.1.5 (registry+https://github.com/rust-lang/crates.io-index)" = "0c4e7bb64a8ebb0d856483e1e682ea3422f883c5f5615a90d51a2c82fe87fdd3"
"checksum const-cstr 0.3.0 (registry+https://github.com/rust-lang/crates.io-index)" = "ed3d0b5ff30645a68f35ece8cea4556ca14ef8a1651455f789a099a0513532a6"
"checksum ctrlc 3.1.1 (registry+https://github.com/rust-lang/crates.io-index)" = "630391922b1b893692c6334369ff528dcc3a9d8061ccf4c803aa8f83cb13db5e"
"checksum gdk 0.8.0 (registry+https://github.com/rust-lang/crates.io-index)" = "dd30051ff3d908ff2fc7e5776ffe1c699821e043809f294c3a61004f11d6c3a9"
"checksum gdk-pixbuf 0.4.0 (registry+https://github.com/rust-lang/crates.io-index)" = "c2d2199eba47ebcb9977ce28179649bdd59305ef465c4e6f9b65aaa41c24e6b5"
"checksum gdk-pixbuf-sys 0.6.0 (registry+https://github.com/rust-lang/crates.io-index)" = "df6a3b73e04fafc07f5ebc083f1096a773412e627828e1103a55e921f81187d8"
"checksum gdk-sys 0.6.0 (registry+https://github.com/rust-lang/crates.io-index)" = "3162ff940526ddff71bf1f630facee6b5e05d282d125ba0c4c803842819b80c3"
"checksum gio 0.4.1 (registry+https://github.com/rust-lang/crates.io-index)" = "2db9fad8f1b0d4c7338a210a6cbdf081dcc1a3c223718c698c4f313f6c288acb"
"checksum gio-sys 0.6.0 (registry+https://github.com/rust-lang/crates.io-index)" = "2a57872499171d279f8577ce83837da4cae62b08dd32892236ed67ab7ea61030"
"checksum glib 0.5.0 (registry+https://github.com/rust-lang/crates.io-index)" = "5e0be1b1432e227bcd1a9b28db9dc1474a7e7fd4227e08e16f35304f32d09b61"
"checksum glib-sys 0.6.0 (registry+https://github.com/rust-lang/crates.io-index)" = "615bef979b5838526aee99241afc80cfb2e34a8735d4bcb8ec6072598c18a408"
"checksum gobject-sys 0.6.0 (registry+https://github.com/rust-lang/crates.io-index)" = "70409d6405db8b1591602fcd0cbe8af52cd9976dd39194442b4c149ba343f86d"
"checksum gtk 0.4.1 (registry+https://github.com/rust-lang/crates.io-index)" = "d695d6be4110618a97c19cd068e8a00e53e33b87e3c65cdc5397667498b1bc24"
"checksum gtk-sys 0.6.0 (registry+https://github.com/rust-lang/crates.io-index)" = "3d9554cf5b3a85a13fb39258c65b04b262989c1d7a758f8f555b77a478621a91"
"checksum lazy-panic 0.3.2 (registry+https://github.com/rust-lang/crates.io-index)" = "2455e85179e5f0834d3460b6ad0e643da5b2ce1767730a31b3d34202364e82d5"
"checksum lazy_static 1.1.0 (registry+https://github.com/rust-lang/crates.io-index)" = "ca488b89a5657b0a2ecd45b95609b3e848cf1755da332a0da46e2b2b1cb371a7"
"checksum libc 0.2.43 (registry+https://github.com/rust-lang/crates.io-index)" = "76e3a3ef172f1a0b9a9ff0dd1491ae5e6c948b94479a3021819ba7d860c8645d"
"checksum nix 0.11.0 (registry+https://github.com/rust-lang/crates.io-index)" = "d37e713a259ff641624b6cb20e3b12b2952313ba36b6823c0f16e6cfd9e5de17"
"checksum pango 0.4.0 (registry+https://github.com/rust-lang/crates.io-index)" = "45374801e224373c3c0393cd48073c81093494c8735721e81d1dbaa4096b2767"
"checksum pango-sys 0.6.0 (registry+https://github.com/rust-lang/crates.io-index)" = "94039b3921a4af4058a3e4335e5d15099101f298a92f5afc40bab3a3027594a1"
"checksum pkg-config 0.3.13 (registry+https://github.com/rust-lang/crates.io-index)" = "104630aa1c83213cbc76db0703630fcb0421dac3585063be4ce9a8a2feeaa745"
"checksum proc-macro2 0.4.12 (registry+https://github.com/rust-lang/crates.io-index)" = "7a17a4d77bc20d344179de803a34694c0ac7a0b3fb4384bee99783215a8e0410"
"checksum quote 0.6.6 (registry+https://github.com/rust-lang/crates.io-index)" = "ed7d650913520df631972f21e104a4fa2f9c82a14afc65d17b388a2e29731e7c"
"checksum serde 1.0.78 (registry+https://github.com/rust-lang/crates.io-index)" = "92ec94e2754699adddbbc4f555791bd3acc2a2f5574cba16c93a4a9cf4a04415"
"checksum serde_derive 1.0.78 (registry+https://github.com/rust-lang/crates.io-index)" = "0fb622d85245add5327d4f08b2d24fd51fa5d35fe1bba19ee79a1f211e9ac0ff"
"checksum static_assets 0.1.1 (registry+https://github.com/rust-lang/crates.io-index)" = "3638b8c57a783e85fa638b71595d5afb477879804021943f6e51e9026f80de30"
"checksum syn 0.15.3 (registry+https://github.com/rust-lang/crates.io-index)" = "e5c1514eb7bb4216fc722b3cd08783d326d7de0d62f6d5e48a774f610bc97cb6"
"checksum toml 0.4.6 (registry+https://github.com/rust-lang/crates.io-index)" = "a0263c6c02c4db6c8f7681f9fd35e90de799ebd4cfdeab77a38f4ff6b3d8c0d9"
"checksum unicode-xid 0.1.0 (registry+https://github.com/rust-lang/crates.io-index)" = "fc72304796d0818e357ead4e000d19c9c174ab23dc11093ac919054d20a6a7fc"
"checksum version_check 0.1.4 (registry+https://github.com/rust-lang/crates.io-index)" = "7716c242968ee87e5542f8021178248f267f295a5c4803beae8b8b7fd9bc6051"
"checksum void 1.0.2 (registry+https://github.com/rust-lang/crates.io-index)" = "6a02e4885ed3bc0f2de90ea6dd45ebcbb66dacffe03547fadbb0eeae2770887d"
"checksum winapi 0.3.5 (registry+https://github.com/rust-lang/crates.io-index)" = "773ef9dcc5f24b7d850d0ff101e542ff24c3b090a9768e03ff889fdef41f00fd"
"checksum winapi-i686-pc-windows-gnu 0.4.0 (registry+https://github.com/rust-lang/crates.io-index)" = "ac3b87c63620426dd9b991e5ce0329eff545bccbbb34f3be09ff6fb6ab51b7b6"
"checksum winapi-x86_64-pc-windows-gnu 0.4.0 (registry+https://github.com/rust-lang/crates.io-index)" = "712e227841d057c1ee1cd2fb22fa7e5a5461ae8e48fa2ca79ec42cfc1931183f"
"checksum x11 2.18.1 (registry+https://github.com/rust-lang/crates.io-index)" = "39697e3123f715483d311b5826e254b6f3cfebdd83cf7ef3358f579c3d68e235"
